// !$*UTF8*$!
{
	archiveVersion = 1;
	classes = {
	};
	objectVersion = 46;
	objects = {

/* Begin PBXBuildFile section */
		6309F1E41C9F1F20003D51E2 /* ItemDetailsViewController.m in Sources */ = {isa = PBXBuildFile; fileRef = 6309F1E31C9F1F20003D51E2 /* ItemDetailsViewController.m */; };
		630AE3931C973667003189D0 /* MyMessagesTableTableViewController.m in Sources */ = {isa = PBXBuildFile; fileRef = 630AE3921C973667003189D0 /* MyMessagesTableTableViewController.m */; };
		630EFC201C989BD40039EE8A /* MessagesController.m in Sources */ = {isa = PBXBuildFile; fileRef = 630EFC1F1C989BD40039EE8A /* MessagesController.m */; };
		631173E41C9A1E8000D4A99A /* TabBarController.m in Sources */ = {isa = PBXBuildFile; fileRef = 631173E31C9A1E8000D4A99A /* TabBarController.m */; };
		631173E81C9A23F600D4A99A /* ProfileNavController.m in Sources */ = {isa = PBXBuildFile; fileRef = 631173E71C9A23F600D4A99A /* ProfileNavController.m */; };
		6381C2E11C934C010028B382 /* TableCell.m in Sources */ = {isa = PBXBuildFile; fileRef = 6381C2E01C934C010028B382 /* TableCell.m */; };
		638BFC181C98874E0065C74D /* MessagesCell.m in Sources */ = {isa = PBXBuildFile; fileRef = 638BFC171C98874E0065C74D /* MessagesCell.m */; };
		63A192971CDBDEBF007C17DB /* ConversationTableViewController.m in Sources */ = {isa = PBXBuildFile; fileRef = 63A192961CDBDEBF007C17DB /* ConversationTableViewController.m */; };
		63A1929A1CDBE1B3007C17DB /* SearchViewController.m in Sources */ = {isa = PBXBuildFile; fileRef = 63A192991CDBE1B3007C17DB /* SearchViewController.m */; };
		63A1929D1CDBE1E2007C17DB /* SearchTableViewController.m in Sources */ = {isa = PBXBuildFile; fileRef = 63A1929C1CDBE1E2007C17DB /* SearchTableViewController.m */; };
		63A192A11CDBE297007C17DB /* SearchTableView.m in Sources */ = {isa = PBXBuildFile; fileRef = 63A192A01CDBE297007C17DB /* SearchTableView.m */; };
		63BE65A81C8E7EC700E386A7 /* Bariol_Regular_Italic.otf in Resources */ = {isa = PBXBuildFile; fileRef = 63BE65A61C8E7EC700E386A7 /* Bariol_Regular_Italic.otf */; };
		63BE65A91C8E7EC700E386A7 /* Bariol_Regular.otf in Resources */ = {isa = PBXBuildFile; fileRef = 63BE65A71C8E7EC700E386A7 /* Bariol_Regular.otf */; };
		63D433B11CC6B8E600BB9C80 /* Parse.framework in Frameworks */ = {isa = PBXBuildFile; fileRef = 63D433AF1CC6B8E600BB9C80 /* Parse.framework */; };
		63D433B21CC6B8E600BB9C80 /* Bolts.framework in Frameworks */ = {isa = PBXBuildFile; fileRef = 63D433B01CC6B8E600BB9C80 /* Bolts.framework */; };
		63D433B41CC6B90F00BB9C80 /* AudioToolbox.framework in Frameworks */ = {isa = PBXBuildFile; fileRef = 63D433B31CC6B90F00BB9C80 /* AudioToolbox.framework */; };
		63D433B61CC6B91700BB9C80 /* CFNetwork.framework in Frameworks */ = {isa = PBXBuildFile; fileRef = 63D433B51CC6B91700BB9C80 /* CFNetwork.framework */; };
		63D433B81CC6B92000BB9C80 /* CoreGraphics.framework in Frameworks */ = {isa = PBXBuildFile; fileRef = 63D433B71CC6B92000BB9C80 /* CoreGraphics.framework */; };
		63D433BA1CC6B92800BB9C80 /* CoreLocation.framework in Frameworks */ = {isa = PBXBuildFile; fileRef = 63D433B91CC6B92800BB9C80 /* CoreLocation.framework */; };
		63D433BC1CC6B93700BB9C80 /* QuartzCore.framework in Frameworks */ = {isa = PBXBuildFile; fileRef = 63D433BB1CC6B93700BB9C80 /* QuartzCore.framework */; };
		63D433BE1CC6B93F00BB9C80 /* Security.framework in Frameworks */ = {isa = PBXBuildFile; fileRef = 63D433BD1CC6B93F00BB9C80 /* Security.framework */; };
		63D433C01CC6B94800BB9C80 /* StoreKit.framework in Frameworks */ = {isa = PBXBuildFile; fileRef = 63D433BF1CC6B94800BB9C80 /* StoreKit.framework */; };
		63D433C21CC6B95400BB9C80 /* SystemConfiguration.framework in Frameworks */ = {isa = PBXBuildFile; fileRef = 63D433C11CC6B95400BB9C80 /* SystemConfiguration.framework */; };
		63D433C41CC6B95D00BB9C80 /* libz.tbd in Frameworks */ = {isa = PBXBuildFile; fileRef = 63D433C31CC6B95D00BB9C80 /* libz.tbd */; };
		63D433C61CC6B96A00BB9C80 /* libsqlite3.tbd in Frameworks */ = {isa = PBXBuildFile; fileRef = 63D433C51CC6B96A00BB9C80 /* libsqlite3.tbd */; };
		63D8156E1C9389CA000CDEFD /* MyPostsViewController.m in Sources */ = {isa = PBXBuildFile; fileRef = 63D8156D1C9389CA000CDEFD /* MyPostsViewController.m */; };
		63D815711C9395BC000CDEFD /* NavigationController.m in Sources */ = {isa = PBXBuildFile; fileRef = 63D815701C9395BC000CDEFD /* NavigationController.m */; };
		63E327F51C921AEE001B6FEE /* ProfileViewController.m in Sources */ = {isa = PBXBuildFile; fileRef = 63E327F41C921AEE001B6FEE /* ProfileViewController.m */; };
		63E416E01C8E16C60004A02A /* main.m in Sources */ = {isa = PBXBuildFile; fileRef = 63E416DF1C8E16C60004A02A /* main.m */; };
		63E416E31C8E16C60004A02A /* AppDelegate.m in Sources */ = {isa = PBXBuildFile; fileRef = 63E416E21C8E16C60004A02A /* AppDelegate.m */; };
		63E416E91C8E16C60004A02A /* Main.storyboard in Resources */ = {isa = PBXBuildFile; fileRef = 63E416E71C8E16C60004A02A /* Main.storyboard */; };
		63E416EB1C8E16C60004A02A /* Assets.xcassets in Resources */ = {isa = PBXBuildFile; fileRef = 63E416EA1C8E16C60004A02A /* Assets.xcassets */; };
		63E416EE1C8E16C60004A02A /* LaunchScreen.storyboard in Resources */ = {isa = PBXBuildFile; fileRef = 63E416EC1C8E16C60004A02A /* LaunchScreen.storyboard */; };
		63F17EBB1C90A42700498C10 /* LoginViewController.m in Sources */ = {isa = PBXBuildFile; fileRef = 63F17EBA1C90A42700498C10 /* LoginViewController.m */; };
		63F17EBE1C90A43B00498C10 /* RegisterViewController.m in Sources */ = {isa = PBXBuildFile; fileRef = 63F17EBD1C90A43B00498C10 /* RegisterViewController.m */; };
		63F17EC11C90A54200498C10 /* RootViewController.m in Sources */ = {isa = PBXBuildFile; fileRef = 63F17EC01C90A54200498C10 /* RootViewController.m */; };
		63F17EC41C90A84400498C10 /* PageViewController.m in Sources */ = {isa = PBXBuildFile; fileRef = 63F17EC31C90A84400498C10 /* PageViewController.m */; };
/* End PBXBuildFile section */

/* Begin PBXFileReference section */
		6309F1E21C9F1F20003D51E2 /* ItemDetailsViewController.h */ = {isa = PBXFileReference; fileEncoding = 4; lastKnownFileType = sourcecode.c.h; path = ItemDetailsViewController.h; sourceTree = "<group>"; };
		6309F1E31C9F1F20003D51E2 /* ItemDetailsViewController.m */ = {isa = PBXFileReference; fileEncoding = 4; lastKnownFileType = sourcecode.c.objc; path = ItemDetailsViewController.m; sourceTree = "<group>"; };
		630AE3911C973667003189D0 /* MyMessagesTableTableViewController.h */ = {isa = PBXFileReference; fileEncoding = 4; lastKnownFileType = sourcecode.c.h; path = MyMessagesTableTableViewController.h; sourceTree = "<group>"; };
		630AE3921C973667003189D0 /* MyMessagesTableTableViewController.m */ = {isa = PBXFileReference; fileEncoding = 4; lastKnownFileType = sourcecode.c.objc; path = MyMessagesTableTableViewController.m; sourceTree = "<group>"; };
		630EFC1E1C989BD40039EE8A /* MessagesController.h */ = {isa = PBXFileReference; fileEncoding = 4; lastKnownFileType = sourcecode.c.h; path = MessagesController.h; sourceTree = "<group>"; };
		630EFC1F1C989BD40039EE8A /* MessagesController.m */ = {isa = PBXFileReference; fileEncoding = 4; lastKnownFileType = sourcecode.c.objc; path = MessagesController.m; sourceTree = "<group>"; };
		631173E21C9A1E8000D4A99A /* TabBarController.h */ = {isa = PBXFileReference; fileEncoding = 4; lastKnownFileType = sourcecode.c.h; path = TabBarController.h; sourceTree = "<group>"; };
		631173E31C9A1E8000D4A99A /* TabBarController.m */ = {isa = PBXFileReference; fileEncoding = 4; lastKnownFileType = sourcecode.c.objc; path = TabBarController.m; sourceTree = "<group>"; };
		631173E61C9A23F600D4A99A /* ProfileNavController.h */ = {isa = PBXFileReference; fileEncoding = 4; lastKnownFileType = sourcecode.c.h; path = ProfileNavController.h; sourceTree = "<group>"; };
		631173E71C9A23F600D4A99A /* ProfileNavController.m */ = {isa = PBXFileReference; fileEncoding = 4; lastKnownFileType = sourcecode.c.objc; path = ProfileNavController.m; sourceTree = "<group>"; };
		6381C2DF1C934C010028B382 /* TableCell.h */ = {isa = PBXFileReference; fileEncoding = 4; lastKnownFileType = sourcecode.c.h; path = TableCell.h; sourceTree = "<group>"; };
		6381C2E01C934C010028B382 /* TableCell.m */ = {isa = PBXFileReference; fileEncoding = 4; lastKnownFileType = sourcecode.c.objc; path = TableCell.m; sourceTree = "<group>"; };
		638BFC161C98874E0065C74D /* MessagesCell.h */ = {isa = PBXFileReference; fileEncoding = 4; lastKnownFileType = sourcecode.c.h; path = MessagesCell.h; sourceTree = "<group>"; };
		638BFC171C98874E0065C74D /* MessagesCell.m */ = {isa = PBXFileReference; fileEncoding = 4; lastKnownFileType = sourcecode.c.objc; path = MessagesCell.m; sourceTree = "<group>"; };
		63A192951CDBDEBF007C17DB /* ConversationTableViewController.h */ = {isa = PBXFileReference; fileEncoding = 4; lastKnownFileType = sourcecode.c.h; path = ConversationTableViewController.h; sourceTree = "<group>"; };
		63A192961CDBDEBF007C17DB /* ConversationTableViewController.m */ = {isa = PBXFileReference; fileEncoding = 4; lastKnownFileType = sourcecode.c.objc; path = ConversationTableViewController.m; sourceTree = "<group>"; };
		63A192981CDBE1B3007C17DB /* SearchViewController.h */ = {isa = PBXFileReference; fileEncoding = 4; lastKnownFileType = sourcecode.c.h; path = SearchViewController.h; sourceTree = "<group>"; };
		63A192991CDBE1B3007C17DB /* SearchViewController.m */ = {isa = PBXFileReference; fileEncoding = 4; lastKnownFileType = sourcecode.c.objc; path = SearchViewController.m; sourceTree = "<group>"; };
		63A1929B1CDBE1E2007C17DB /* SearchTableViewController.h */ = {isa = PBXFileReference; fileEncoding = 4; lastKnownFileType = sourcecode.c.h; path = SearchTableViewController.h; sourceTree = "<group>"; };
		63A1929C1CDBE1E2007C17DB /* SearchTableViewController.m */ = {isa = PBXFileReference; fileEncoding = 4; lastKnownFileType = sourcecode.c.objc; path = SearchTableViewController.m; sourceTree = "<group>"; };
		63A1929F1CDBE297007C17DB /* SearchTableView.h */ = {isa = PBXFileReference; fileEncoding = 4; lastKnownFileType = sourcecode.c.h; path = SearchTableView.h; sourceTree = "<group>"; };
		63A192A01CDBE297007C17DB /* SearchTableView.m */ = {isa = PBXFileReference; fileEncoding = 4; lastKnownFileType = sourcecode.c.objc; path = SearchTableView.m; sourceTree = "<group>"; };
		63BE65A61C8E7EC700E386A7 /* Bariol_Regular_Italic.otf */ = {isa = PBXFileReference; lastKnownFileType = file; path = Bariol_Regular_Italic.otf; sourceTree = "<group>"; };
		63BE65A71C8E7EC700E386A7 /* Bariol_Regular.otf */ = {isa = PBXFileReference; lastKnownFileType = file; path = Bariol_Regular.otf; sourceTree = "<group>"; };
		63D433AF1CC6B8E600BB9C80 /* Parse.framework */ = {isa = PBXFileReference; lastKnownFileType = wrapper.framework; name = Parse.framework; path = ../Parse.framework; sourceTree = "<group>"; };
		63D433B01CC6B8E600BB9C80 /* Bolts.framework */ = {isa = PBXFileReference; lastKnownFileType = wrapper.framework; name = Bolts.framework; path = ../Bolts.framework; sourceTree = "<group>"; };
		63D433B31CC6B90F00BB9C80 /* AudioToolbox.framework */ = {isa = PBXFileReference; lastKnownFileType = wrapper.framework; name = AudioToolbox.framework; path = System/Library/Frameworks/AudioToolbox.framework; sourceTree = SDKROOT; };
		63D433B51CC6B91700BB9C80 /* CFNetwork.framework */ = {isa = PBXFileReference; lastKnownFileType = wrapper.framework; name = CFNetwork.framework; path = System/Library/Frameworks/CFNetwork.framework; sourceTree = SDKROOT; };
		63D433B71CC6B92000BB9C80 /* CoreGraphics.framework */ = {isa = PBXFileReference; lastKnownFileType = wrapper.framework; name = CoreGraphics.framework; path = System/Library/Frameworks/CoreGraphics.framework; sourceTree = SDKROOT; };
		63D433B91CC6B92800BB9C80 /* CoreLocation.framework */ = {isa = PBXFileReference; lastKnownFileType = wrapper.framework; name = CoreLocation.framework; path = System/Library/Frameworks/CoreLocation.framework; sourceTree = SDKROOT; };
		63D433BB1CC6B93700BB9C80 /* QuartzCore.framework */ = {isa = PBXFileReference; lastKnownFileType = wrapper.framework; name = QuartzCore.framework; path = System/Library/Frameworks/QuartzCore.framework; sourceTree = SDKROOT; };
		63D433BD1CC6B93F00BB9C80 /* Security.framework */ = {isa = PBXFileReference; lastKnownFileType = wrapper.framework; name = Security.framework; path = System/Library/Frameworks/Security.framework; sourceTree = SDKROOT; };
		63D433BF1CC6B94800BB9C80 /* StoreKit.framework */ = {isa = PBXFileReference; lastKnownFileType = wrapper.framework; name = StoreKit.framework; path = System/Library/Frameworks/StoreKit.framework; sourceTree = SDKROOT; };
		63D433C11CC6B95400BB9C80 /* SystemConfiguration.framework */ = {isa = PBXFileReference; lastKnownFileType = wrapper.framework; name = SystemConfiguration.framework; path = System/Library/Frameworks/SystemConfiguration.framework; sourceTree = SDKROOT; };
		63D433C31CC6B95D00BB9C80 /* libz.tbd */ = {isa = PBXFileReference; lastKnownFileType = "sourcecode.text-based-dylib-definition"; name = libz.tbd; path = usr/lib/libz.tbd; sourceTree = SDKROOT; };
		63D433C51CC6B96A00BB9C80 /* libsqlite3.tbd */ = {isa = PBXFileReference; lastKnownFileType = "sourcecode.text-based-dylib-definition"; name = libsqlite3.tbd; path = usr/lib/libsqlite3.tbd; sourceTree = SDKROOT; };
		63D8156C1C9389CA000CDEFD /* MyPostsViewController.h */ = {isa = PBXFileReference; fileEncoding = 4; lastKnownFileType = sourcecode.c.h; path = MyPostsViewController.h; sourceTree = "<group>"; };
		63D8156D1C9389CA000CDEFD /* MyPostsViewController.m */ = {isa = PBXFileReference; fileEncoding = 4; lastKnownFileType = sourcecode.c.objc; path = MyPostsViewController.m; sourceTree = "<group>"; };
		63D8156F1C9395BC000CDEFD /* NavigationController.h */ = {isa = PBXFileReference; fileEncoding = 4; lastKnownFileType = sourcecode.c.h; path = NavigationController.h; sourceTree = "<group>"; };
		63D815701C9395BC000CDEFD /* NavigationController.m */ = {isa = PBXFileReference; fileEncoding = 4; lastKnownFileType = sourcecode.c.objc; path = NavigationController.m; sourceTree = "<group>"; };
		63E327F31C921AEE001B6FEE /* ProfileViewController.h */ = {isa = PBXFileReference; fileEncoding = 4; lastKnownFileType = sourcecode.c.h; path = ProfileViewController.h; sourceTree = "<group>"; };
		63E327F41C921AEE001B6FEE /* ProfileViewController.m */ = {isa = PBXFileReference; fileEncoding = 4; lastKnownFileType = sourcecode.c.objc; path = ProfileViewController.m; sourceTree = "<group>"; };
		63E416DB1C8E16C60004A02A /* Prototype.app */ = {isa = PBXFileReference; explicitFileType = wrapper.application; includeInIndex = 0; path = Prototype.app; sourceTree = BUILT_PRODUCTS_DIR; };
		63E416DF1C8E16C60004A02A /* main.m */ = {isa = PBXFileReference; lastKnownFileType = sourcecode.c.objc; path = main.m; sourceTree = "<group>"; };
		63E416E11C8E16C60004A02A /* AppDelegate.h */ = {isa = PBXFileReference; lastKnownFileType = sourcecode.c.h; path = AppDelegate.h; sourceTree = "<group>"; };
		63E416E21C8E16C60004A02A /* AppDelegate.m */ = {isa = PBXFileReference; lastKnownFileType = sourcecode.c.objc; path = AppDelegate.m; sourceTree = "<group>"; };
		63E416E81C8E16C60004A02A /* Base */ = {isa = PBXFileReference; lastKnownFileType = file.storyboard; name = Base; path = Base.lproj/Main.storyboard; sourceTree = "<group>"; };
		63E416EA1C8E16C60004A02A /* Assets.xcassets */ = {isa = PBXFileReference; lastKnownFileType = folder.assetcatalog; path = Assets.xcassets; sourceTree = "<group>"; };
		63E416ED1C8E16C60004A02A /* Base */ = {isa = PBXFileReference; lastKnownFileType = file.storyboard; name = Base; path = Base.lproj/LaunchScreen.storyboard; sourceTree = "<group>"; };
		63E416EF1C8E16C60004A02A /* Info.plist */ = {isa = PBXFileReference; lastKnownFileType = text.plist.xml; path = Info.plist; sourceTree = "<group>"; };
		63F17EB91C90A42700498C10 /* LoginViewController.h */ = {isa = PBXFileReference; fileEncoding = 4; lastKnownFileType = sourcecode.c.h; path = LoginViewController.h; sourceTree = "<group>"; };
		63F17EBA1C90A42700498C10 /* LoginViewController.m */ = {isa = PBXFileReference; fileEncoding = 4; lastKnownFileType = sourcecode.c.objc; path = LoginViewController.m; sourceTree = "<group>"; };
		63F17EBC1C90A43B00498C10 /* RegisterViewController.h */ = {isa = PBXFileReference; fileEncoding = 4; lastKnownFileType = sourcecode.c.h; path = RegisterViewController.h; sourceTree = "<group>"; };
		63F17EBD1C90A43B00498C10 /* RegisterViewController.m */ = {isa = PBXFileReference; fileEncoding = 4; lastKnownFileType = sourcecode.c.objc; path = RegisterViewController.m; sourceTree = "<group>"; };
		63F17EBF1C90A54200498C10 /* RootViewController.h */ = {isa = PBXFileReference; fileEncoding = 4; lastKnownFileType = sourcecode.c.h; path = RootViewController.h; sourceTree = "<group>"; };
		63F17EC01C90A54200498C10 /* RootViewController.m */ = {isa = PBXFileReference; fileEncoding = 4; lastKnownFileType = sourcecode.c.objc; path = RootViewController.m; sourceTree = "<group>"; };
		63F17EC21C90A84400498C10 /* PageViewController.h */ = {isa = PBXFileReference; fileEncoding = 4; lastKnownFileType = sourcecode.c.h; path = PageViewController.h; sourceTree = "<group>"; };
		63F17EC31C90A84400498C10 /* PageViewController.m */ = {isa = PBXFileReference; fileEncoding = 4; lastKnownFileType = sourcecode.c.objc; path = PageViewController.m; sourceTree = "<group>"; };
/* End PBXFileReference section */

/* Begin PBXFrameworksBuildPhase section */
		63E416D81C8E16C60004A02A /* Frameworks */ = {
			isa = PBXFrameworksBuildPhase;
			buildActionMask = 2147483647;
			files = (
				63D433C61CC6B96A00BB9C80 /* libsqlite3.tbd in Frameworks */,
				63D433C41CC6B95D00BB9C80 /* libz.tbd in Frameworks */,
				63D433C21CC6B95400BB9C80 /* SystemConfiguration.framework in Frameworks */,
				63D433C01CC6B94800BB9C80 /* StoreKit.framework in Frameworks */,
				63D433BE1CC6B93F00BB9C80 /* Security.framework in Frameworks */,
				63D433BC1CC6B93700BB9C80 /* QuartzCore.framework in Frameworks */,
				63D433BA1CC6B92800BB9C80 /* CoreLocation.framework in Frameworks */,
				63D433B81CC6B92000BB9C80 /* CoreGraphics.framework in Frameworks */,
				63D433B61CC6B91700BB9C80 /* CFNetwork.framework in Frameworks */,
				63D433B41CC6B90F00BB9C80 /* AudioToolbox.framework in Frameworks */,
				63D433B11CC6B8E600BB9C80 /* Parse.framework in Frameworks */,
				63D433B21CC6B8E600BB9C80 /* Bolts.framework in Frameworks */,
			);
			runOnlyForDeploymentPostprocessing = 0;
		};
/* End PBXFrameworksBuildPhase section */

/* Begin PBXGroup section */
		6309F1E11C9F1F04003D51E2 /* UIViewControllers */ = {
			isa = PBXGroup;
			children = (
				63F17EB91C90A42700498C10 /* LoginViewController.h */,
				63F17EBA1C90A42700498C10 /* LoginViewController.m */,
				63F17EBC1C90A43B00498C10 /* RegisterViewController.h */,
				63F17EBD1C90A43B00498C10 /* RegisterViewController.m */,
				63F17EBF1C90A54200498C10 /* RootViewController.h */,
				63F17EC01C90A54200498C10 /* RootViewController.m */,
				63F17EC21C90A84400498C10 /* PageViewController.h */,
				63F17EC31C90A84400498C10 /* PageViewController.m */,
				63E327F31C921AEE001B6FEE /* ProfileViewController.h */,
				63E327F41C921AEE001B6FEE /* ProfileViewController.m */,
				63D8156F1C9395BC000CDEFD /* NavigationController.h */,
				63D815701C9395BC000CDEFD /* NavigationController.m */,
				6309F1E21C9F1F20003D51E2 /* ItemDetailsViewController.h */,
				6309F1E31C9F1F20003D51E2 /* ItemDetailsViewController.m */,
				63A192981CDBE1B3007C17DB /* SearchViewController.h */,
				63A192991CDBE1B3007C17DB /* SearchViewController.m */,
			);
			name = UIViewControllers;
			sourceTree = "<group>";
		};
		630AE38F1C97362E003189D0 /* TableCells */ = {
			isa = PBXGroup;
			children = (
				6381C2DF1C934C010028B382 /* TableCell.h */,
				6381C2E01C934C010028B382 /* TableCell.m */,
				638BFC161C98874E0065C74D /* MessagesCell.h */,
				638BFC171C98874E0065C74D /* MessagesCell.m */,
			);
			name = TableCells;
			sourceTree = "<group>";
		};
		630AE3901C97363E003189D0 /* TableViewControllers */ = {
			isa = PBXGroup;
			children = (
				63D8156C1C9389CA000CDEFD /* MyPostsViewController.h */,
				63D8156D1C9389CA000CDEFD /* MyPostsViewController.m */,
				630AE3911C973667003189D0 /* MyMessagesTableTableViewController.h */,
				630AE3921C973667003189D0 /* MyMessagesTableTableViewController.m */,
				630EFC1E1C989BD40039EE8A /* MessagesController.h */,
				630EFC1F1C989BD40039EE8A /* MessagesController.m */,
				63A192951CDBDEBF007C17DB /* ConversationTableViewController.h */,
				63A192961CDBDEBF007C17DB /* ConversationTableViewController.m */,
				63A1929B1CDBE1E2007C17DB /* SearchTableViewController.h */,
				63A1929C1CDBE1E2007C17DB /* SearchTableViewController.m */,
			);
			name = TableViewControllers;
			sourceTree = "<group>";
		};
		631173E11C9A1E6100D4A99A /* TabBarControllers */ = {
			isa = PBXGroup;
			children = (
				631173E21C9A1E8000D4A99A /* TabBarController.h */,
				631173E31C9A1E8000D4A99A /* TabBarController.m */,
			);
			name = TabBarControllers;
			sourceTree = "<group>";
		};
		631173E51C9A23E000D4A99A /* NavControllers */ = {
			isa = PBXGroup;
			children = (
				631173E61C9A23F600D4A99A /* ProfileNavController.h */,
				631173E71C9A23F600D4A99A /* ProfileNavController.m */,
			);
			name = NavControllers;
			sourceTree = "<group>";
		};
		63A1929E1CDBE27B007C17DB /* TableViews */ = {
			isa = PBXGroup;
			children = (
				63A1929F1CDBE297007C17DB /* SearchTableView.h */,
				63A192A01CDBE297007C17DB /* SearchTableView.m */,
			);
			name = TableViews;
			sourceTree = "<group>";
		};
		63BE65A41C8E7E9C00E386A7 /* GUI */ = {
			isa = PBXGroup;
			children = (
				63A1929E1CDBE27B007C17DB /* TableViews */,
				6309F1E11C9F1F04003D51E2 /* UIViewControllers */,
				631173E51C9A23E000D4A99A /* NavControllers */,
				631173E11C9A1E6100D4A99A /* TabBarControllers */,
				630AE3901C97363E003189D0 /* TableViewControllers */,
				630AE38F1C97362E003189D0 /* TableCells */,
				63E416E71C8E16C60004A02A /* Main.storyboard */,
				63E416EC1C8E16C60004A02A /* LaunchScreen.storyboard */,
			);
			name = GUI;
			sourceTree = "<group>";
		};
		63BE65A51C8E7EB900E386A7 /* Logic */ = {
			isa = PBXGroup;
			children = (
				63E416E11C8E16C60004A02A /* AppDelegate.h */,
				63E416E21C8E16C60004A02A /* AppDelegate.m */,
			);
			name = Logic;
			sourceTree = "<group>";
		};
		63E416D21C8E16C60004A02A = {
			isa = PBXGroup;
			children = (
				63E416DD1C8E16C60004A02A /* Prototype */,
				63E416DC1C8E16C60004A02A /* Products */,
			);
			sourceTree = "<group>";
		};
		63E416DC1C8E16C60004A02A /* Products */ = {
			isa = PBXGroup;
			children = (
				63E416DB1C8E16C60004A02A /* Prototype.app */,
			);
			name = Products;
			sourceTree = "<group>";
		};
		63E416DD1C8E16C60004A02A /* Prototype */ = {
			isa = PBXGroup;
			children = (
				63BE65A51C8E7EB900E386A7 /* Logic */,
				63BE65A41C8E7E9C00E386A7 /* GUI */,
				63E416DE1C8E16C60004A02A /* Supporting Files */,
			);
			path = Prototype;
			sourceTree = "<group>";
		};
		63E416DE1C8E16C60004A02A /* Supporting Files */ = {
			isa = PBXGroup;
			children = (
				63D433C51CC6B96A00BB9C80 /* libsqlite3.tbd */,
				63D433C31CC6B95D00BB9C80 /* libz.tbd */,
				63D433C11CC6B95400BB9C80 /* SystemConfiguration.framework */,
				63D433BF1CC6B94800BB9C80 /* StoreKit.framework */,
				63D433BD1CC6B93F00BB9C80 /* Security.framework */,
				63D433BB1CC6B93700BB9C80 /* QuartzCore.framework */,
				63D433B91CC6B92800BB9C80 /* CoreLocation.framework */,
				63D433B71CC6B92000BB9C80 /* CoreGraphics.framework */,
				63D433B51CC6B91700BB9C80 /* CFNetwork.framework */,
				63D433B31CC6B90F00BB9C80 /* AudioToolbox.framework */,
				63D433AF1CC6B8E600BB9C80 /* Parse.framework */,
				63D433B01CC6B8E600BB9C80 /* Bolts.framework */,
				63BE65A61C8E7EC700E386A7 /* Bariol_Regular_Italic.otf */,
				63BE65A71C8E7EC700E386A7 /* Bariol_Regular.otf */,
				63E416EA1C8E16C60004A02A /* Assets.xcassets */,
				63E416EF1C8E16C60004A02A /* Info.plist */,
				63E416DF1C8E16C60004A02A /* main.m */,
			);
			name = "Supporting Files";
			sourceTree = "<group>";
		};
/* End PBXGroup section */

/* Begin PBXNativeTarget section */
		63E416DA1C8E16C60004A02A /* Prototype */ = {
			isa = PBXNativeTarget;
			buildConfigurationList = 63E416F21C8E16C60004A02A /* Build configuration list for PBXNativeTarget "Prototype" */;
			buildPhases = (
				63E416D71C8E16C60004A02A /* Sources */,
				63E416D81C8E16C60004A02A /* Frameworks */,
				63E416D91C8E16C60004A02A /* Resources */,
			);
			buildRules = (
			);
			dependencies = (
			);
			name = Prototype;
			productName = Prototype;
			productReference = 63E416DB1C8E16C60004A02A /* Prototype.app */;
			productType = "com.apple.product-type.application";
		};
/* End PBXNativeTarget section */

/* Begin PBXProject section */
		63E416D31C8E16C60004A02A /* Project object */ = {
			isa = PBXProject;
			attributes = {
				LastUpgradeCheck = 0720;
				ORGANIZATIONNAME = "Derik Oliver";
				TargetAttributes = {
					63E416DA1C8E16C60004A02A = {
						CreatedOnToolsVersion = 7.2.1;
						DevelopmentTeam = NQ5R47MTQY;
					};
				};
			};
			buildConfigurationList = 63E416D61C8E16C60004A02A /* Build configuration list for PBXProject "Prototype" */;
			compatibilityVersion = "Xcode 3.2";
			developmentRegion = English;
			hasScannedForEncodings = 0;
			knownRegions = (
				en,
				Base,
			);
			mainGroup = 63E416D21C8E16C60004A02A;
			productRefGroup = 63E416DC1C8E16C60004A02A /* Products */;
			projectDirPath = "";
			projectRoot = "";
			targets = (
				63E416DA1C8E16C60004A02A /* Prototype */,
			);
		};
/* End PBXProject section */

/* Begin PBXResourcesBuildPhase section */
		63E416D91C8E16C60004A02A /* Resources */ = {
			isa = PBXResourcesBuildPhase;
			buildActionMask = 2147483647;
			files = (
				63E416EE1C8E16C60004A02A /* LaunchScreen.storyboard in Resources */,
				63E416EB1C8E16C60004A02A /* Assets.xcassets in Resources */,
				63E416E91C8E16C60004A02A /* Main.storyboard in Resources */,
				63BE65A81C8E7EC700E386A7 /* Bariol_Regular_Italic.otf in Resources */,
				63BE65A91C8E7EC700E386A7 /* Bariol_Regular.otf in Resources */,
			);
			runOnlyForDeploymentPostprocessing = 0;
		};
/* End PBXResourcesBuildPhase section */

/* Begin PBXSourcesBuildPhase section */
		63E416D71C8E16C60004A02A /* Sources */ = {
			isa = PBXSourcesBuildPhase;
			buildActionMask = 2147483647;
			files = (
				6381C2E11C934C010028B382 /* TableCell.m in Sources */,
				63D8156E1C9389CA000CDEFD /* MyPostsViewController.m in Sources */,
				63A192971CDBDEBF007C17DB /* ConversationTableViewController.m in Sources */,
				63F17EBE1C90A43B00498C10 /* RegisterViewController.m in Sources */,
				63A1929A1CDBE1B3007C17DB /* SearchViewController.m in Sources */,
				63F17EBB1C90A42700498C10 /* LoginViewController.m in Sources */,
				63E416E31C8E16C60004A02A /* AppDelegate.m in Sources */,
				630AE3931C973667003189D0 /* MyMessagesTableTableViewController.m in Sources */,
				63E416E01C8E16C60004A02A /* main.m in Sources */,
				631173E41C9A1E8000D4A99A /* TabBarController.m in Sources */,
				63E327F51C921AEE001B6FEE /* ProfileViewController.m in Sources */,
				63A1929D1CDBE1E2007C17DB /* SearchTableViewController.m in Sources */,
				63D815711C9395BC000CDEFD /* NavigationController.m in Sources */,
				6309F1E41C9F1F20003D51E2 /* ItemDetailsViewController.m in Sources */,
				631173E81C9A23F600D4A99A /* ProfileNavController.m in Sources */,
				638BFC181C98874E0065C74D /* MessagesCell.m in Sources */,
				63F17EC11C90A54200498C10 /* RootViewController.m in Sources */,
				63A192A11CDBE297007C17DB /* SearchTableView.m in Sources */,
				63F17EC41C90A84400498C10 /* PageViewController.m in Sources */,
				630EFC201C989BD40039EE8A /* MessagesController.m in Sources */,
			);
			runOnlyForDeploymentPostprocessing = 0;
		};
/* End PBXSourcesBuildPhase section */

/* Begin PBXVariantGroup section */
		63E416E71C8E16C60004A02A /* Main.storyboard */ = {
			isa = PBXVariantGroup;
			children = (
				63E416E81C8E16C60004A02A /* Base */,
			);
			name = Main.storyboard;
			sourceTree = "<group>";
		};
		63E416EC1C8E16C60004A02A /* LaunchScreen.storyboard */ = {
			isa = PBXVariantGroup;
			children = (
				63E416ED1C8E16C60004A02A /* Base */,
			);
			name = LaunchScreen.storyboard;
			sourceTree = "<group>";
		};
/* End PBXVariantGroup section */

/* Begin XCBuildConfiguration section */
		63E416F01C8E16C60004A02A /* Debug */ = {
			isa = XCBuildConfiguration;
			buildSettings = {
				ALWAYS_SEARCH_USER_PATHS = NO;
				CLANG_CXX_LANGUAGE_STANDARD = "gnu++0x";
				CLANG_CXX_LIBRARY = "libc++";
				CLANG_ENABLE_MODULES = YES;
				CLANG_ENABLE_OBJC_ARC = YES;
				CLANG_WARN_BOOL_CONVERSION = YES;
				CLANG_WARN_CONSTANT_CONVERSION = YES;
				CLANG_WARN_DIRECT_OBJC_ISA_USAGE = YES_ERROR;
				CLANG_WARN_EMPTY_BODY = YES;
				CLANG_WARN_ENUM_CONVERSION = YES;
				CLANG_WARN_INT_CONVERSION = YES;
				CLANG_WARN_OBJC_ROOT_CLASS = YES_ERROR;
				CLANG_WARN_UNREACHABLE_CODE = YES;
				CLANG_WARN__DUPLICATE_METHOD_MATCH = YES;
				"CODE_SIGN_IDENTITY[sdk=iphoneos*]" = "iPhone Developer";
				COPY_PHASE_STRIP = NO;
				DEBUG_INFORMATION_FORMAT = dwarf;
				ENABLE_STRICT_OBJC_MSGSEND = YES;
				ENABLE_TESTABILITY = YES;
				GCC_C_LANGUAGE_STANDARD = gnu99;
				GCC_DYNAMIC_NO_PIC = NO;
				GCC_NO_COMMON_BLOCKS = YES;
				GCC_OPTIMIZATION_LEVEL = 0;
				GCC_PREPROCESSOR_DEFINITIONS = (
					"DEBUG=1",
					"$(inherited)",
				);
				GCC_WARN_64_TO_32_BIT_CONVERSION = YES;
				GCC_WARN_ABOUT_RETURN_TYPE = YES_ERROR;
				GCC_WARN_UNDECLARED_SELECTOR = YES;
				GCC_WARN_UNINITIALIZED_AUTOS = YES_AGGRESSIVE;
				GCC_WARN_UNUSED_FUNCTION = YES;
				GCC_WARN_UNUSED_VARIABLE = YES;
				IPHONEOS_DEPLOYMENT_TARGET = 9.2;
				MTL_ENABLE_DEBUG_INFO = YES;
				ONLY_ACTIVE_ARCH = YES;
				SDKROOT = iphoneos;
			};
			name = Debug;
		};
		63E416F11C8E16C60004A02A /* Release */ = {
			isa = XCBuildConfiguration;
			buildSettings = {
				ALWAYS_SEARCH_USER_PATHS = NO;
				CLANG_CXX_LANGUAGE_STANDARD = "gnu++0x";
				CLANG_CXX_LIBRARY = "libc++";
				CLANG_ENABLE_MODULES = YES;
				CLANG_ENABLE_OBJC_ARC = YES;
				CLANG_WARN_BOOL_CONVERSION = YES;
				CLANG_WARN_CONSTANT_CONVERSION = YES;
				CLANG_WARN_DIRECT_OBJC_ISA_USAGE = YES_ERROR;
				CLANG_WARN_EMPTY_BODY = YES;
				CLANG_WARN_ENUM_CONVERSION = YES;
				CLANG_WARN_INT_CONVERSION = YES;
				CLANG_WARN_OBJC_ROOT_CLASS = YES_ERROR;
				CLANG_WARN_UNREACHABLE_CODE = YES;
				CLANG_WARN__DUPLICATE_METHOD_MATCH = YES;
				"CODE_SIGN_IDENTITY[sdk=iphoneos*]" = "iPhone Developer";
				COPY_PHASE_STRIP = NO;
				DEBUG_INFORMATION_FORMAT = "dwarf-with-dsym";
				ENABLE_NS_ASSERTIONS = NO;
				ENABLE_STRICT_OBJC_MSGSEND = YES;
				GCC_C_LANGUAGE_STANDARD = gnu99;
				GCC_NO_COMMON_BLOCKS = YES;
				GCC_WARN_64_TO_32_BIT_CONVERSION = YES;
				GCC_WARN_ABOUT_RETURN_TYPE = YES_ERROR;
				GCC_WARN_UNDECLARED_SELECTOR = YES;
				GCC_WARN_UNINITIALIZED_AUTOS = YES_AGGRESSIVE;
				GCC_WARN_UNUSED_FUNCTION = YES;
				GCC_WARN_UNUSED_VARIABLE = YES;
				IPHONEOS_DEPLOYMENT_TARGET = 9.2;
				MTL_ENABLE_DEBUG_INFO = NO;
				SDKROOT = iphoneos;
				VALIDATE_PRODUCT = YES;
			};
			name = Release;
		};
		63E416F31C8E16C60004A02A /* Debug */ = {
			isa = XCBuildConfiguration;
			buildSettings = {
				ASSETCATALOG_COMPILER_APPICON_NAME = AppIcon;
				CODE_SIGN_IDENTITY = "iPhone Developer";
				"CODE_SIGN_IDENTITY[sdk=iphoneos*]" = "iPhone Developer";
				FRAMEWORK_SEARCH_PATHS = (
					"$(inherited)",
					"$(PROJECT_DIR)",
				);
				INFOPLIST_FILE = Prototype/Info.plist;
				LD_RUNPATH_SEARCH_PATHS = "$(inherited) @executable_path/Frameworks";
				PRODUCT_BUNDLE_IDENTIFIER = com.derikoliver.Prototype;
				PRODUCT_NAME = "$(TARGET_NAME)";
				PROVISIONING_PROFILE = "";
			};
			name = Debug;
		};
		63E416F41C8E16C60004A02A /* Release */ = {
			isa = XCBuildConfiguration;
			buildSettings = {
				ASSETCATALOG_COMPILER_APPICON_NAME = AppIcon;
				CODE_SIGN_IDENTITY = "iPhone Developer";
				"CODE_SIGN_IDENTITY[sdk=iphoneos*]" = "iPhone Developer";
				FRAMEWORK_SEARCH_PATHS = (
					"$(inherited)",
					"$(PROJECT_DIR)",
				);
				INFOPLIST_FILE = Prototype/Info.plist;
				LD_RUNPATH_SEARCH_PATHS = "$(inherited) @executable_path/Frameworks";
				PRODUCT_BUNDLE_IDENTIFIER = com.derikoliver.Prototype;
				PRODUCT_NAME = "$(TARGET_NAME)";
				PROVISIONING_PROFILE = "";
			};
			name = Release;
		};
/* End XCBuildConfiguration section */

/* Begin XCConfigurationList section */
		63E416D61C8E16C60004A02A /* Build configuration list for PBXProject "Prototype" */ = {
			isa = XCConfigurationList;
			buildConfigurations = (
				63E416F01C8E16C60004A02A /* Debug */,
				63E416F11C8E16C60004A02A /* Release */,
			);
			defaultConfigurationIsVisible = 0;
			defaultConfigurationName = Release;
		};
		63E416F21C8E16C60004A02A /* Build configuration list for PBXNativeTarget "Prototype" */ = {
			isa = XCConfigurationList;
			buildConfigurations = (
				63E416F31C8E16C60004A02A /* Debug */,
				63E416F41C8E16C60004A02A /* Release */,
			);
			defaultConfigurationIsVisible = 0;
			defaultConfigurationName = Release;
		};
/* End XCConfigurationList section */
	};
	rootObject = 63E416D31C8E16C60004A02A /* Project object */;
}
